PODS:
  - FDFullscreenPopGesture (1.1)
  - Masonry (1.1.0)
  - SDAutoLayout (2.2.1)

DEPENDENCIES:
  - FDFullscreenPopGesture (= 1.1)
  - Masonry
  - SDAutoLayout

SPEC REPOS:
  https://github.com/cocoapods/specs.git:
    - FDFullscreenPopGesture
    - Masonry
    - SDAutoLayout

SPEC CHECKSUMS:
  FDFullscreenPopGesture: a8a620179e3d9c40e8e00256dcee1c1a27c6d0f0
  Masonry: 678fab65091a9290e40e2832a55e7ab731aad201
  SDAutoLayout: 8bf6b3bbc8b01f775d4defbb4fda2ace805461be

PODFILE CHECKSUM: 5e5600900cf609205a62a1ba76839268d35d0bc9

COCOAPODS: 1.5.2
